// !$*UTF8*$!
{
	archiveVersion = 1;
	classes = {
	};
	objectVersion = 60;
	objects = {

/* Begin PBXBuildFile section */
		DC5BD6622C8EF05100BF198A /* AppDelegate.swift in Sources */ = {isa = PBXBuildFile; fileRef = DC5BD6612C8EF05100BF198A /* AppDelegate.swift */; };
		DC5BD6642C8EF05100BF198A /* ContentView.swift in Sources */ = {isa = PBXBuildFile; fileRef = DC5BD6632C8EF05100BF198A /* ContentView.swift */; };
		DC5BD6662C8EF05400BF198A /* Assets.xcassets in Resources */ = {isa = PBXBuildFile; fileRef = DC5BD6652C8EF05400BF198A /* Assets.xcassets */; };
		DC5BD6692C8EF05400BF198A /* Preview Assets.xcassets in Resources */ = {isa = PBXBuildFile; fileRef = DC5BD6682C8EF05400BF198A /* Preview Assets.xcassets */; };
		DC5BD6732C8EF05400BF198A /* StackingObjectTests.swift in Sources */ = {isa = PBXBuildFile; fileRef = DC5BD6722C8EF05400BF198A /* StackingObjectTests.swift */; };
		DC5BD67D2C8EF05400BF198A /* StackingObjectUITests.swift in Sources */ = {isa = PBXBuildFile; fileRef = DC5BD67C2C8EF05400BF198A /* StackingObjectUITests.swift */; };
		DC5BD67F2C8EF05400BF198A /* StackingObjectUITestsLaunchTests.swift in Sources */ = {isa = PBXBuildFile; fileRef = DC5BD67E2C8EF05400BF198A /* StackingObjectUITestsLaunchTests.swift */; };
/* End PBXBuildFile section */

/* Begin PBXContainerItemProxy section */
		DC5BD66F2C8EF05400BF198A /* PBXContainerItemProxy */ = {
			isa = PBXContainerItemProxy;
			containerPortal = DC5BD6562C8EF05100BF198A /* Project object */;
			proxyType = 1;
			remoteGlobalIDString = DC5BD65D2C8EF05100BF198A;
			remoteInfo = StackingObject;
		};
		DC5BD6792C8EF05400BF198A /* PBXContainerItemProxy */ = {
			isa = PBXContainerItemProxy;
			containerPortal = DC5BD6562C8EF05100BF198A /* Project object */;
			proxyType = 1;
			remoteGlobalIDString = DC5BD65D2C8EF05100BF198A;
			remoteInfo = StackingObject;
		};
/* End PBXContainerItemProxy section */

/* Begin PBXFileReference section */
		DC5BD65E2C8EF05100BF198A /* StackingObject.app */ = {isa = PBXFileReference; explicitFileType = wrapper.application; includeInIndex = 0; path = StackingObject.app; sourceTree = BUILT_PRODUCTS_DIR; };
		DC5BD6612C8EF05100BF198A /* AppDelegate.swift */ = {isa = PBXFileReference; lastKnownFileType = sourcecode.swift; path = AppDelegate.swift; sourceTree = "<group>"; };
		DC5BD6632C8EF05100BF198A /* ContentView.swift */ = {isa = PBXFileReference; lastKnownFileType = sourcecode.swift; path = ContentView.swift; sourceTree = "<group>"; };
		DC5BD6652C8EF05400BF198A /* Assets.xcassets */ = {isa = PBXFileReference; lastKnownFileType = folder.assetcatalog; path = Assets.xcassets; sourceTree = "<group>"; };
		DC5BD6682C8EF05400BF198A /* Preview Assets.xcassets */ = {isa = PBXFileReference; lastKnownFileType = folder.assetcatalog; path = "Preview Assets.xcassets"; sourceTree = "<group>"; };
		DC5BD66E2C8EF05400BF198A /* StackingObjectTests.xctest */ = {isa = PBXFileReference; explicitFileType = wrapper.cfbundle; includeInIndex = 0; path = StackingObjectTests.xctest; sourceTree = BUILT_PRODUCTS_DIR; };
		DC5BD6722C8EF05400BF198A /* StackingObjectTests.swift */ = {isa = PBXFileReference; lastKnownFileType = sourcecode.swift; path = StackingObjectTests.swift; sourceTree = "<group>"; };
		DC5BD6782C8EF05400BF198A /* StackingObjectUITests.xctest */ = {isa = PBXFileReference; explicitFileType = wrapper.cfbundle; includeInIndex = 0; path = StackingObjectUITests.xctest; sourceTree = BUILT_PRODUCTS_DIR; };
		DC5BD67C2C8EF05400BF198A /* StackingObjectUITests.swift */ = {isa = PBXFileReference; lastKnownFileType = sourcecode.swift; path = StackingObjectUITests.swift; sourceTree = "<group>"; };
		DC5BD67E2C8EF05400BF198A /* StackingObjectUITestsLaunchTests.swift */ = {isa = PBXFileReference; lastKnownFileType = sourcecode.swift; path = StackingObjectUITestsLaunchTests.swift; sourceTree = "<group>"; };
/* End PBXFileReference section */

/* Begin PBXFrameworksBuildPhase section */
		DC5BD65B2C8EF05100BF198A /* Frameworks */ = {
			isa = PBXFrameworksBuildPhase;
			buildActionMask = 2147483647;
			files = (
			);
			runOnlyForDeploymentPostprocessing = 0;
		};
		DC5BD66B2C8EF05400BF198A /* Frameworks */ = {
			isa = PBXFrameworksBuildPhase;
			buildActionMask = 2147483647;
			files = (
			);
			runOnlyForDeploymentPostprocessing = 0;
		};
		DC5BD6752C8EF05400BF198A /* Frameworks */ = {
			isa = PBXFrameworksBuildPhase;
			buildActionMask = 2147483647;
			files = (
			);
			runOnlyForDeploymentPostprocessing = 0;
		};
/* End PBXFrameworksBuildPhase section */

/* Begin PBXGroup section */
		DC5BD6552C8EF05100BF198A = {
			isa = PBXGroup;
			children = (
				DC5BD6602C8EF05100BF198A /* StackingObject */,
				DC5BD6712C8EF05400BF198A /* StackingObjectTests */,
				DC5BD67B2C8EF05400BF198A /* StackingObjectUITests */,
				DC5BD65F2C8EF05100BF198A /* Products */,
			);
			sourceTree = "<group>";
		};
		DC5BD65F2C8EF05100BF198A /* Products */ = {
			isa = PBXGroup;
			children = (
				DC5BD65E2C8EF05100BF198A /* StackingObject.app */,
				DC5BD66E2C8EF05400BF198A /* StackingObjectTests.xctest */,
				DC5BD6782C8EF05400BF198A /* StackingObjectUITests.xctest */,
			);
			name = Products;
			sourceTree = "<group>";
		};
		DC5BD6602C8EF05100BF198A /* StackingObject */ = {
			isa = PBXGroup;
			children = (
				DC5BD6612C8EF05100BF198A /* AppDelegate.swift */,
				DC5BD6632C8EF05100BF198A /* ContentView.swift */,
				DC5BD6652C8EF05400BF198A /* Assets.xcassets */,
				DC5BD6672C8EF05400BF198A /* Preview Content */,
			);
			path = StackingObject;
			sourceTree = "<group>";
		};
		DC5BD6672C8EF05400BF198A /* Preview Content */ = {
			isa = PBXGroup;
			children = (
				DC5BD6682C8EF05400BF198A /* Preview Assets.xcassets */,
			);
			path = "Preview Content";
			sourceTree = "<group>";
		};
		DC5BD6712C8EF05400BF198A /* StackingObjectTests */ = {
			isa = PBXGroup;
			children = (
				DC5BD6722C8EF05400BF198A /* StackingObjectTests.swift */,
			);
			path = StackingObjectTests;
			sourceTree = "<group>";
		};
		DC5BD67B2C8EF05400BF198A /* StackingObjectUITests */ = {
			isa = PBXGroup;
			children = (
				DC5BD67C2C8EF05400BF198A /* StackingObjectUITests.swift */,
				DC5BD67E2C8EF05400BF198A /* StackingObjectUITestsLaunchTests.swift */,
			);
			path = StackingObjectUITests;
			sourceTree = "<group>";
		};
/* End PBXGroup section */

/* Begin PBXNativeTarget section */
		DC5BD65D2C8EF05100BF198A /* StackingObject */ = {
			isa = PBXNativeTarget;
			buildConfigurationList = DC5BD6822C8EF05400BF198A /* Build configuration list for PBXNativeTarget "StackingObject" */;
			buildPhases = (
				DC5BD65A2C8EF05100BF198A /* Sources */,
				DC5BD65B2C8EF05100BF198A /* Frameworks */,
				DC5BD65C2C8EF05100BF198A /* Resources */,
			);
			buildRules = (
			);
			dependencies = (
			);
			name = StackingObject;
			productName = StackingObject;
			productReference = DC5BD65E2C8EF05100BF198A /* StackingObject.app */;
			productType = "com.apple.product-type.application";
		};
		DC5BD66D2C8EF05400BF198A /* StackingObjectTests */ = {
			isa = PBXNativeTarget;
			buildConfigurationList = DC5BD6852C8EF05400BF198A /* Build configuration list for PBXNativeTarget "StackingObjectTests" */;
			buildPhases = (
				DC5BD66A2C8EF05400BF198A /* Sources */,
				DC5BD66B2C8EF05400BF198A /* Frameworks */,
				DC5BD66C2C8EF05400BF198A /* Resources */,
			);
			buildRules = (
			);
			dependencies = (
				DC5BD6702C8EF05400BF198A /* PBXTargetDependency */,
			);
			name = StackingObjectTests;
			productName = StackingObjectTests;
			productReference = DC5BD66E2C8EF05400BF198A /* StackingObjectTests.xctest */;
			productType = "com.apple.product-type.bundle.unit-test";
		};
		DC5BD6772C8EF05400BF198A /* StackingObjectUITests */ = {
			isa = PBXNativeTarget;
			buildConfigurationList = DC5BD6882C8EF05400BF198A /* Build configuration list for PBXNativeTarget "StackingObjectUITests" */;
			buildPhases = (
				DC5BD6742C8EF05400BF198A /* Sources */,
				DC5BD6752C8EF05400BF198A /* Frameworks */,
				DC5BD6762C8EF05400BF198A /* Resources */,
			);
			buildRules = (
			);
			dependencies = (
				DC5BD67A2C8EF05400BF198A /* PBXTargetDependency */,
			);
			name = StackingObjectUITests;
			productName = StackingObjectUITests;
			productReference = DC5BD6782C8EF05400BF198A /* StackingObjectUITests.xctest */;
			productType = "com.apple.product-type.bundle.ui-testing";
		};
/* End PBXNativeTarget section */

/* Begin PBXProject section */
		DC5BD6562C8EF05100BF198A /* Project object */ = {
			isa = PBXProject;
			attributes = {
				BuildIndependentTargetsInParallel = 1;
				LastSwiftUpdateCheck = 1600;
				LastUpgradeCheck = 1600;
				TargetAttributes = {
					DC5BD65D2C8EF05100BF198A = {
						CreatedOnToolsVersion = 16.0;
					};
					DC5BD66D2C8EF05400BF198A = {
						CreatedOnToolsVersion = 16.0;
						TestTargetID = DC5BD65D2C8EF05100BF198A;
					};
					DC5BD6772C8EF05400BF198A = {
						CreatedOnToolsVersion = 16.0;
						TestTargetID = DC5BD65D2C8EF05100BF198A;
					};
				};
			};
			buildConfigurationList = DC5BD6592C8EF05100BF198A /* Build configuration list for PBXProject "StackingObject" */;
			compatibilityVersion = "Xcode 15.0";
			developmentRegion = en;
			hasScannedForEncodings = 0;
			knownRegions = (
				en,
				Base,
			);
			mainGroup = DC5BD6552C8EF05100BF198A;
			productRefGroup = DC5BD65F2C8EF05100BF198A /* Products */;
			projectDirPath = "";
			projectRoot = "";
			targets = (
				DC5BD65D2C8EF05100BF198A /* StackingObject */,
				DC5BD66D2C8EF05400BF198A /* StackingObjectTests */,
				DC5BD6772C8EF05400BF198A /* StackingObjectUITests */,
			);
		};
/* End PBXProject section */

/* Begin PBXResourcesBuildPhase section */
		DC5BD65C2C8EF05100BF198A /* Resources */ = {
			isa = PBXResourcesBuildPhase;
			buildActionMask = 2147483647;
			files = (
				DC5BD6692C8EF05400BF198A /* Preview Assets.xcassets in Resources */,
				DC5BD6662C8EF05400BF198A /* Assets.xcassets in Resources */,
			);
			runOnlyForDeploymentPostprocessing = 0;
		};
		DC5BD66C2C8EF05400BF198A /* Resources */ = {
			isa = PBXResourcesBuildPhase;
			buildActionMask = 2147483647;
			files = (
			);
			runOnlyForDeploymentPostprocessing = 0;
		};
		DC5BD6762C8EF05400BF198A /* Resources */ = {
			isa = PBXResourcesBuildPhase;
			buildActionMask = 2147483647;
			files = (
			);
			runOnlyForDeploymentPostprocessing = 0;
		};
/* End PBXResourcesBuildPhase section */

/* Begin PBXSourcesBuildPhase section */
		DC5BD65A2C8EF05100BF198A /* Sources */ = {
			isa = PBXSourcesBuildPhase;
			buildActionMask = 2147483647;
			files = (
				DC5BD6642C8EF05100BF198A /* ContentView.swift in Sources */,
				DC5BD6622C8EF05100BF198A /* AppDelegate.swift in Sources */,
			);
			runOnlyForDeploymentPostprocessing = 0;
		};
		DC5BD66A2C8EF05400BF198A /* Sources */ = {
			isa = PBXSourcesBuildPhase;
			buildActionMask = 2147483647;
			files = (
				DC5BD6732C8EF05400BF198A /* StackingObjectTests.swift in Sources */,
			);
			runOnlyForDeploymentPostprocessing = 0;
		};
		DC5BD6742C8EF05400BF198A /* Sources */ = {
			isa = PBXSourcesBuildPhase;
			buildActionMask = 2147483647;
			files = (
				DC5BD67D2C8EF05400BF198A /* StackingObjectUITests.swift in Sources */,
				DC5BD67F2C8EF05400BF198A /* StackingObjectUITestsLaunchTests.swift in Sources */,
			);
			runOnlyForDeploymentPostprocessing = 0;
		};
/* End PBXSourcesBuildPhase section */

/* Begin PBXTargetDependency section */
		DC5BD6702C8EF05400BF198A /* PBXTargetDependency */ = {
			isa = PBXTargetDependency;
			target = DC5BD65D2C8EF05100BF198A /* StackingObject */;
			targetProxy = DC5BD66F2C8EF05400BF198A /* PBXContainerItemProxy */;
		};
		DC5BD67A2C8EF05400BF198A /* PBXTargetDependency */ = {
			isa = PBXTargetDependency;
			target = DC5BD65D2C8EF05100BF198A /* StackingObject */;
			targetProxy = DC5BD6792C8EF05400BF198A /* PBXContainerItemProxy */;
		};
/* End PBXTargetDependency section */

/* Begin XCBuildConfiguration section */
		DC5BD6802C8EF05400BF198A /* Debug */ = {
			isa = XCBuildConfiguration;
			buildSettings = {
				ALWAYS_SEARCH_USER_PATHS = NO;
				ASSETCATALOG_COMPILER_GENERATE_SWIFT_ASSET_SYMBOL_EXTENSIONS = YES;
				CLANG_ANALYZER_NONNULL = YES;
				CLANG_ANALYZER_NUMBER_OBJECT_CONVERSION = YES_AGGRESSIVE;
				CLANG_CXX_LANGUAGE_STANDARD = "gnu++20";
				CLANG_ENABLE_MODULES = YES;
				CLANG_ENABLE_OBJC_ARC = YES;
				CLANG_ENABLE_OBJC_WEAK = YES;
				CLANG_WARN_BLOCK_CAPTURE_AUTORELEASING = YES;
				CLANG_WARN_BOOL_CONVERSION = YES;
				CLANG_WARN_COMMA = YES;
				CLANG_WARN_CONSTANT_CONVERSION = YES;
				CLANG_WARN_DEPRECATED_OBJC_IMPLEMENTATIONS = YES;
				CLANG_WARN_DIRECT_OBJC_ISA_USAGE = YES_ERROR;
				CLANG_WARN_DOCUMENTATION_COMMENTS = YES;
				CLANG_WARN_EMPTY_BODY = YES;
				CLANG_WARN_ENUM_CONVERSION = YES;
				CLANG_WARN_INFINITE_RECURSION = YES;
				CLANG_WARN_INT_CONVERSION = YES;
				CLANG_WARN_NON_LITERAL_NULL_CONVERSION = YES;
				CLANG_WARN_OBJC_IMPLICIT_RETAIN_SELF = YES;
				CLANG_WARN_OBJC_LITERAL_CONVERSION = YES;
				CLANG_WARN_OBJC_ROOT_CLASS = YES_ERROR;
				CLANG_WARN_QUOTED_INCLUDE_IN_FRAMEWORK_HEADER = YES;
				CLANG_WARN_RANGE_LOOP_ANALYSIS = YES;
				CLANG_WARN_STRICT_PROTOTYPES = YES;
				CLANG_WARN_SUSPICIOUS_MOVE = YES;
				CLANG_WARN_UNGUARDED_AVAILABILITY = YES_AGGRESSIVE;
				CLANG_WARN_UNREACHABLE_CODE = YES;
				CLANG_WARN__DUPLICATE_METHOD_MATCH = YES;
				COPY_PHASE_STRIP = NO;
				DEBUG_INFORMATION_FORMAT = dwarf;
				ENABLE_STRICT_OBJC_MSGSEND = YES;
				ENABLE_TESTABILITY = YES;
				ENABLE_USER_SCRIPT_SANDBOXING = YES;
				GCC_C_LANGUAGE_STANDARD = gnu17;
				GCC_DYNAMIC_NO_PIC = NO;
				GCC_NO_COMMON_BLOCKS = YES;
				GCC_OPTIMIZATION_LEVEL = 0;
				GCC_PREPROCESSOR_DEFINITIONS = (
					"DEBUG=1",
					"$(inherited)",
				);
				GCC_WARN_64_TO_32_BIT_CONVERSION = YES;
				GCC_WARN_ABOUT_RETURN_TYPE = YES_ERROR;
				GCC_WARN_UNDECLARED_SELECTOR = YES;
				GCC_WARN_UNINITIALIZED_AUTOS = YES_AGGRESSIVE;
				GCC_WARN_UNUSED_FUNCTION = YES;
				GCC_WARN_UNUSED_VARIABLE = YES;
				IPHONEOS_DEPLOYMENT_TARGET = 18.0;
				LOCALIZATION_PREFERS_STRING_CATALOGS = YES;
				MTL_ENABLE_DEBUG_INFO = INCLUDE_SOURCE;
				MTL_FAST_MATH = YES;
				ONLY_ACTIVE_ARCH = YES;
				SDKROOT = iphoneos;
				SWIFT_ACTIVE_COMPILATION_CONDITIONS = "DEBUG $(inherited)";
				SWIFT_OPTIMIZATION_LEVEL = "-Onone";
			};
			name = Debug;
		};
		DC5BD6812C8EF05400BF198A /* Release */ = {
			isa = XCBuildConfiguration;
			buildSettings = {
				ALWAYS_SEARCH_USER_PATHS = NO;
				ASSETCATALOG_COMPILER_GENERATE_SWIFT_ASSET_SYMBOL_EXTENSIONS = YES;
				CLANG_ANALYZER_NONNULL = YES;
				CLANG_ANALYZER_NUMBER_OBJECT_CONVERSION = YES_AGGRESSIVE;
				CLANG_CXX_LANGUAGE_STANDARD = "gnu++20";
				CLANG_ENABLE_MODULES = YES;
				CLANG_ENABLE_OBJC_ARC = YES;
				CLANG_ENABLE_OBJC_WEAK = YES;
				CLANG_WARN_BLOCK_CAPTURE_AUTORELEASING = YES;
				CLANG_WARN_BOOL_CONVERSION = YES;
				CLANG_WARN_COMMA = YES;
				CLANG_WARN_CONSTANT_CONVERSION = YES;
				CLANG_WARN_DEPRECATED_OBJC_IMPLEMENTATIONS = YES;
				CLANG_WARN_DIRECT_OBJC_ISA_USAGE = YES_ERROR;
				CLANG_WARN_DOCUMENTATION_COMMENTS = YES;
				CLANG_WARN_EMPTY_BODY = YES;
				CLANG_WARN_ENUM_CONVERSION = YES;
				CLANG_WARN_INFINITE_RECURSION = YES;
				CLANG_WARN_INT_CONVERSION = YES;
				CLANG_WARN_NON_LITERAL_NULL_CONVERSION = YES;
				CLANG_WARN_OBJC_IMPLICIT_RETAIN_SELF = YES;
				CLANG_WARN_OBJC_LITERAL_CONVERSION = YES;
				CLANG_WARN_OBJC_ROOT_CLASS = YES_ERROR;
				CLANG_WARN_QUOTED_INCLUDE_IN_FRAMEWORK_HEADER = YES;
				CLANG_WARN_RANGE_LOOP_ANALYSIS = YES;
				CLANG_WARN_STRICT_PROTOTYPES = YES;
				CLANG_WARN_SUSPICIOUS_MOVE = YES;
				CLANG_WARN_UNGUARDED_AVAILABILITY = YES_AGGRESSIVE;
				CLANG_WARN_UNREACHABLE_CODE = YES;
				CLANG_WARN__DUPLICATE_METHOD_MATCH = YES;
				COPY_PHASE_STRIP = NO;
				DEBUG_INFORMATION_FORMAT = "dwarf-with-dsym";
				ENABLE_NS_ASSERTIONS = NO;
				ENABLE_STRICT_OBJC_MSGSEND = YES;
				ENABLE_USER_SCRIPT_SANDBOXING = YES;
				GCC_C_LANGUAGE_STANDARD = gnu17;
				GCC_NO_COMMON_BLOCKS = YES;
				GCC_WARN_64_TO_32_BIT_CONVERSION = YES;
				GCC_WARN_ABOUT_RETURN_TYPE = YES_ERROR;
				GCC_WARN_UNDECLARED_SELECTOR = YES;
				GCC_WARN_UNINITIALIZED_AUTOS = YES_AGGRESSIVE;
				GCC_WARN_UNUSED_FUNCTION = YES;
				GCC_WARN_UNUSED_VARIABLE = YES;
				IPHONEOS_DEPLOYMENT_TARGET = 18.0;
				LOCALIZATION_PREFERS_STRING_CATALOGS = YES;
				MTL_ENABLE_DEBUG_INFO = NO;
				MTL_FAST_MATH = YES;
				SDKROOT = iphoneos;
				SWIFT_COMPILATION_MODE = wholemodule;
				VALIDATE_PRODUCT = YES;
			};
			name = Release;
		};
		DC5BD6832C8EF05400BF198A /* Debug */ = {
			isa = XCBuildConfiguration;
			buildSettings = {
				ASSETCATALOG_COMPILER_APPICON_NAME = AppIcon;
				ASSETCATALOG_COMPILER_GLOBAL_ACCENT_COLOR_NAME = AccentColor;
				CODE_SIGN_STYLE = Automatic;
				CURRENT_PROJECT_VERSION = 1;
				DEVELOPMENT_ASSET_PATHS = "\"StackingObject/Preview Content\"";
				ENABLE_PREVIEWS = YES;
				GENERATE_INFOPLIST_FILE = YES;
				INFOPLIST_KEY_NSCameraUsageDescription = "";
				INFOPLIST_KEY_UIApplicationSupportsIndirectInputEvents = YES;
				INFOPLIST_KEY_UILaunchScreen_Generation = YES;
				INFOPLIST_KEY_UIRequiredDeviceCapabilities = arkit;
				INFOPLIST_KEY_UIStatusBarHidden = YES;
				INFOPLIST_KEY_UISupportedInterfaceOrientations_iPad = "UIInterfaceOrientationPortrait UIInterfaceOrientationPortraitUpsideDown UIInterfaceOrientationLandscapeLeft UIInterfaceOrientationLandscapeRight";
				INFOPLIST_KEY_UISupportedInterfaceOrientations_iPhone = "UIInterfaceOrientationPortrait UIInterfaceOrientationLandscapeLeft UIInterfaceOrientationLandscapeRight";
				LD_RUNPATH_SEARCH_PATHS = (
					"$(inherited)",
					"@executable_path/Frameworks",
				);
				MARKETING_VERSION = 1.0;
				PRODUCT_BUNDLE_IDENTIFIER = com.monstarlab.StackingObject;
				PRODUCT_NAME = "$(TARGET_NAME)";
				SWIFT_EMIT_LOC_STRINGS = YES;
				SWIFT_VERSION = 5.0;
				TARGETED_DEVICE_FAMILY = "1,2";
			};
			name = Debug;
		};
		DC5BD6842C8EF05400BF198A /* Release */ = {
			isa = XCBuildConfiguration;
			buildSettings = {
				ASSETCATALOG_COMPILER_APPICON_NAME = AppIcon;
				ASSETCATALOG_COMPILER_GLOBAL_ACCENT_COLOR_NAME = AccentColor;
				CODE_SIGN_STYLE = Automatic;
				CURRENT_PROJECT_VERSION = 1;
				DEVELOPMENT_ASSET_PATHS = "\"StackingObject/Preview Content\"";
				ENABLE_PREVIEWS = YES;
				GENERATE_INFOPLIST_FILE = YES;
				INFOPLIST_KEY_NSCameraUsageDescription = "";
				INFOPLIST_KEY_UIApplicationSupportsIndirectInputEvents = YES;
				INFOPLIST_KEY_UILaunchScreen_Generation = YES;
				INFOPLIST_KEY_UIRequiredDeviceCapabilities = arkit;
				INFOPLIST_KEY_UIStatusBarHidden = YES;
				INFOPLIST_KEY_UISupportedInterfaceOrientations_iPad = "UIInterfaceOrientationPortrait UIInterfaceOrientationPortraitUpsideDown UIInterfaceOrientationLandscapeLeft UIInterfaceOrientationLandscapeRight";
				INFOPLIST_KEY_UISupportedInterfaceOrientations_iPhone = "UIInterfaceOrientationPortrait UIInterfaceOrientationLandscapeLeft UIInterfaceOrientationLandscapeRight";
				LD_RUNPATH_SEARCH_PATHS = (
					"$(inherited)",
					"@executable_path/Frameworks",
				);
				MARKETING_VERSION = 1.0;
				PRODUCT_BUNDLE_IDENTIFIER = com.monstarlab.StackingObject;
				PRODUCT_NAME = "$(TARGET_NAME)";
				SWIFT_EMIT_LOC_STRINGS = YES;
				SWIFT_VERSION = 5.0;
				TARGETED_DEVICE_FAMILY = "1,2";
			};
			name = Release;
		};
		DC5BD6862C8EF05400BF198A /* Debug */ = {
			isa = XCBuildConfiguration;
			buildSettings = {
				BUNDLE_LOADER = "$(TEST_HOST)";
				CODE_SIGN_STYLE = Automatic;
				CURRENT_PROJECT_VERSION = 1;
				GENERATE_INFOPLIST_FILE = YES;
				IPHONEOS_DEPLOYMENT_TARGET = 18.0;
				MARKETING_VERSION = 1.0;
				PRODUCT_BUNDLE_IDENTIFIER = com.monstarlab.StackingObjectTests;
				PRODUCT_NAME = "$(TARGET_NAME)";
				SWIFT_EMIT_LOC_STRINGS = NO;
				SWIFT_VERSION = 5.0;
				TARGETED_DEVICE_FAMILY = "1,2";
				TEST_HOST = "$(BUILT_PRODUCTS_DIR)/StackingObject.app/$(BUNDLE_EXECUTABLE_FOLDER_PATH)/StackingObject";
			};
			name = Debug;
		};
		DC5BD6872C8EF05400BF198A /* Release */ = {
			isa = XCBuildConfiguration;
			buildSettings = {
				BUNDLE_LOADER = "$(TEST_HOST)";
				CODE_SIGN_STYLE = Automatic;
				CURRENT_PROJECT_VERSION = 1;
				GENERATE_INFOPLIST_FILE = YES;
				IPHONEOS_DEPLOYMENT_TARGET = 18.0;
				MARKETING_VERSION = 1.0;
				PRODUCT_BUNDLE_IDENTIFIER = com.monstarlab.StackingObjectTests;
				PRODUCT_NAME = "$(TARGET_NAME)";
				SWIFT_EMIT_LOC_STRINGS = NO;
				SWIFT_VERSION = 5.0;
				TARGETED_DEVICE_FAMILY = "1,2";
				TEST_HOST = "$(BUILT_PRODUCTS_DIR)/StackingObject.app/$(BUNDLE_EXECUTABLE_FOLDER_PATH)/StackingObject";
			};
			name = Release;
		};
		DC5BD6892C8EF05400BF198A /* Debug */ = {
			isa = XCBuildConfiguration;
			buildSettings = {
				CODE_SIGN_STYLE = Automatic;
				CURRENT_PROJECT_VERSION = 1;
				GENERATE_INFOPLIST_FILE = YES;
				MARKETING_VERSION = 1.0;
				PRODUCT_BUNDLE_IDENTIFIER = com.monstarlab.StackingObjectUITests;
				PRODUCT_NAME = "$(TARGET_NAME)";
				SWIFT_EMIT_LOC_STRINGS = NO;
				SWIFT_VERSION = 5.0;
				TARGETED_DEVICE_FAMILY = "1,2";
				TEST_TARGET_NAME = StackingObject;
			};
			name = Debug;
		};
		DC5BD68A2C8EF05400BF198A /* Release */ = {
			isa = XCBuildConfiguration;
			buildSettings = {
				CODE_SIGN_STYLE = Automatic;
				CURRENT_PROJECT_VERSION = 1;
				GENERATE_INFOPLIST_FILE = YES;
				MARKETING_VERSION = 1.0;
				PRODUCT_BUNDLE_IDENTIFIER = com.monstarlab.StackingObjectUITests;
				PRODUCT_NAME = "$(TARGET_NAME)";
				SWIFT_EMIT_LOC_STRINGS = NO;
				SWIFT_VERSION = 5.0;
				TARGETED_DEVICE_FAMILY = "1,2";
				TEST_TARGET_NAME = StackingObject;
			};
			name = Release;
		};
/* End XCBuildConfiguration section */

/* Begin XCConfigurationList section */
		DC5BD6592C8EF05100BF198A /* Build configuration list for PBXProject "StackingObject" */ = {
			isa = XCConfigurationList;
			buildConfigurations = (
				DC5BD6802C8EF05400BF198A /* Debug */,
				DC5BD6812C8EF05400BF198A /* Release */,
			);
			defaultConfigurationIsVisible = 0;
			defaultConfigurationName = Release;
		};
		DC5BD6822C8EF05400BF198A /* Build configuration list for PBXNativeTarget "StackingObject" */ = {
			isa = XCConfigurationList;
			buildConfigurations = (
				DC5BD6832C8EF05400BF198A /* Debug */,
				DC5BD6842C8EF05400BF198A /* Release */,
			);
			defaultConfigurationIsVisible = 0;
			defaultConfigurationName = Release;
		};
		DC5BD6852C8EF05400BF198A /* Build configuration list for PBXNativeTarget "StackingObjectTests" */ = {
			isa = XCConfigurationList;
			buildConfigurations = (
				DC5BD6862C8EF05400BF198A /* Debug */,
				DC5BD6872C8EF05400BF198A /* Release */,
			);
			defaultConfigurationIsVisible = 0;
			defaultConfigurationName = Release;
		};
		DC5BD6882C8EF05400BF198A /* Build configuration list for PBXNativeTarget "StackingObjectUITests" */ = {
			isa = XCConfigurationList;
			buildConfigurations = (
				DC5BD6892C8EF05400BF198A /* Debug */,
				DC5BD68A2C8EF05400BF198A /* Release */,
			);
			defaultConfigurationIsVisible = 0;
			defaultConfigurationName = Release;
		};
/* End XCConfigurationList section */
	};
	rootObject = DC5BD6562C8EF05100BF198A /* Project object */;
}
